
Microsoft Visual Studio Solution File, Format Version 12.00
# Visual Studio Version 16
VisualStudioVersion = 16.0.30621.155
MinimumVisualStudioVersion = 10.0.40219.1
Project("{FAE04EC0-301F-11D3-BF4B-00C04F79EFBC}") = "ClientRest_074_RasyidHidayatullah", "ClientRest_074_RasyidHidayatullah\ClientRest_074_RasyidHidayatullah.csproj", "{1E2A8C0E-10F5-4966-801C-88F39F844DE4}"
EndProject
Global
	GlobalSection(SolutionConfigurationPlatforms) = preSolution
		Debug|Any CPU = Debug|Any CPU
		Release|Any CPU = Release|Any CPU
	EndGlobalSection
	GlobalSection(ProjectConfigurationPlatforms) = postSolution
		{1E2A8C0E-10F5-4966-801C-88F39F844DE4}.Debug|Any CPU.ActiveCfg = Debug|Any CPU
		{1E2A8C0E-10F5-4966-801C-88F39F844DE4}.Debug|Any CPU.Build.0 = Debug|Any CPU
		{1E2A8C0E-10F5-4966-801C-88F39F844DE4}.Release|Any CPU.ActiveCfg = Release|Any CPU
		{1E2A8C0E-10F5-4966-801C-88F39F844DE4}.Release|Any CPU.Build.0 = Release|Any CPU
	EndGlobalSection
	GlobalSection(SolutionProperties) = preSolution
		HideSolutionNode = FALSE
	EndGlobalSection
	GlobalSection(ExtensibilityGlobals) = postSolution
		SolutionGuid = {6346BDF2-3789-48B6-8D80-63049823A1C4}
	EndGlobalSection
EndGlobal
